PODS:
  - Capacitor (8.3.4):
    - CapacitorCordova
  - CapacitorCommunityBluetoothLe (8.2.0):
    - Capacitor
  - CapacitorCordova (8.3.4)
  - CapacitorHaptics (8.0.2):
    - Capacitor
  - CapacitorNetwork (8.0.1):
    - Capacitor
  - CapgoCapacitorSpeechRecognition (8.1.3):
    - Capacitor

DEPENDENCIES:
  - "Capacitor (from `../../node_modules/@capacitor/ios`)"
  - "CapacitorCommunityBluetoothLe (from `../../node_modules/@capacitor-community/bluetooth-le`)"
  - "CapacitorCordova (from `../../node_modules/@capacitor/ios`)"
  - "CapacitorHaptics (from `../../node_modules/@capacitor/haptics`)"
  - "CapacitorNetwork (from `../../node_modules/@capacitor/network`)"
  - "CapgoCapacitorSpeechRecognition (from `../../node_modules/@capgo/capacitor-speech-recognition`)"

EXTERNAL SOURCES:
  Capacitor:
    :path: "../../node_modules/@capacitor/ios"
  CapacitorCommunityBluetoothLe:
    :path: "../../node_modules/@capacitor-community/bluetooth-le"
  CapacitorCordova:
    :path: "../../node_modules/@capacitor/ios"
  CapacitorHaptics:
    :path: "../../node_modules/@capacitor/haptics"
  CapacitorNetwork:
    :path: "../../node_modules/@capacitor/network"
  CapgoCapacitorSpeechRecognition:
    :path: "../../node_modules/@capgo/capacitor-speech-recognition"

SPEC CHECKSUMS:
  Capacitor: d13cad5fa09155679672808cc4ca9fbc2997e1b4
  CapacitorCommunityBluetoothLe: 8c17283f1837af41fc739110daab518c694674c8
  CapacitorCordova: c07921bdcfec6f691bae22274446b4d606ebf6a4
  CapacitorHaptics: 296f771ecd89c7a1bd92a7b6826a7d268e2e70f5
  CapacitorNetwork: 8812ce60d11fb63d8f2e4ba51a49b2e59892ebe2
  CapgoCapacitorSpeechRecognition: 229f09c9e0ee1f05b25755f56b9ea05853153cad

PODFILE CHECKSUM: 15ad0a246d11ab18e9c3e052100ff6cd0ca8d33a

COCOAPODS: 1.16.2
